
Microsoft Visual Studio Solution File, Format Version 12.00
# Visual Studio 15
VisualStudioVersion = 15.0.28307.705
MinimumVisualStudioVersion = 10.0.40219.1
Project("{FAE04EC0-301F-11D3-BF4B-00C04F79EFBC}") = "AirlineManagement", "AirlineManagement\AirlineManagement.csproj", "{06774E26-0C4B-466F-AEFA-D01BBF2662D5}"
EndProject
Project("{FAE04EC0-301F-11D3-BF4B-00C04F79EFBC}") = "AirlineManagementWPF", "AirlineManagementWPF\AirlineManagementWPF.csproj", "{E6B72E76-E55D-4756-B151-2053DC03D851}"
EndProject
Project("{FAE04EC0-301F-11D3-BF4B-00C04F79EFBC}") = "DBGenerator", "DBGenerator\DBGenerator.csproj", "{7EF7FA46-3BBA-411D-8317-4E31779ADB0C}"
EndProject
Project("{FAE04EC0-301F-11D3-BF4B-00C04F79EFBC}") = "AirlineUnitTest", "..\AirlineUnitTest\AirlineUnitTest.csproj", "{C653A8E8-B596-4B08-BEE6-2965781F3D27}"
EndProject
Project("{FAE04EC0-301F-11D3-BF4B-00C04F79EFBC}") = "AirlineManagementWebApi", "AirlineManagementWebApi\AirlineManagementWebApi.csproj", "{BF7082A2-E796-4D34-9697-2A68B492533D}"
EndProject
Global
	GlobalSection(SolutionConfigurationPlatforms) = preSolution
		Debug|Any CPU = Debug|Any CPU
		Release|Any CPU = Release|Any CPU
	EndGlobalSection
	GlobalSection(ProjectConfigurationPlatforms) = postSolution
		{06774E26-0C4B-466F-AEFA-D01BBF2662D5}.Debug|Any CPU.ActiveCfg = Debug|Any CPU
		{06774E26-0C4B-466F-AEFA-D01BBF2662D5}.Debug|Any CPU.Build.0 = Debug|Any CPU
		{06774E26-0C4B-466F-AEFA-D01BBF2662D5}.Release|Any CPU.ActiveCfg = Release|Any CPU
		{06774E26-0C4B-466F-AEFA-D01BBF2662D5}.Release|Any CPU.Build.0 = Release|Any CPU
		{E6B72E76-E55D-4756-B151-2053DC03D851}.Debug|Any CPU.ActiveCfg = Debug|Any CPU
		{E6B72E76-E55D-4756-B151-2053DC03D851}.Debug|Any CPU.Build.0 = Debug|Any CPU
		{E6B72E76-E55D-4756-B151-2053DC03D851}.Release|Any CPU.ActiveCfg = Release|Any CPU
		{E6B72E76-E55D-4756-B151-2053DC03D851}.Release|Any CPU.Build.0 = Release|Any CPU
		{7EF7FA46-3BBA-411D-8317-4E31779ADB0C}.Debug|Any CPU.ActiveCfg = Debug|Any CPU
		{7EF7FA46-3BBA-411D-8317-4E31779ADB0C}.Debug|Any CPU.Build.0 = Debug|Any CPU
		{7EF7FA46-3BBA-411D-8317-4E31779ADB0C}.Release|Any CPU.ActiveCfg = Release|Any CPU
		{7EF7FA46-3BBA-411D-8317-4E31779ADB0C}.Release|Any CPU.Build.0 = Release|Any CPU
		{C653A8E8-B596-4B08-BEE6-2965781F3D27}.Debug|Any CPU.ActiveCfg = Debug|Any CPU
		{C653A8E8-B596-4B08-BEE6-2965781F3D27}.Debug|Any CPU.Build.0 = Debug|Any CPU
		{C653A8E8-B596-4B08-BEE6-2965781F3D27}.Release|Any CPU.ActiveCfg = Release|Any CPU
		{C653A8E8-B596-4B08-BEE6-2965781F3D27}.Release|Any CPU.Build.0 = Release|Any CPU
		{BF7082A2-E796-4D34-9697-2A68B492533D}.Debug|Any CPU.ActiveCfg = Debug|Any CPU
		{BF7082A2-E796-4D34-9697-2A68B492533D}.Debug|Any CPU.Build.0 = Debug|Any CPU
		{BF7082A2-E796-4D34-9697-2A68B492533D}.Release|Any CPU.ActiveCfg = Release|Any CPU
		{BF7082A2-E796-4D34-9697-2A68B492533D}.Release|Any CPU.Build.0 = Release|Any CPU
	EndGlobalSection
	GlobalSection(SolutionProperties) = preSolution
		HideSolutionNode = FALSE
	EndGlobalSection
	GlobalSection(ExtensibilityGlobals) = postSolution
		SolutionGuid = {816B5B89-2C8C-43F0-8C6A-6BAE43B81841}
	EndGlobalSection
EndGlobal
